
Microsoft Visual Studio Solution File, Format Version 12.00
# Visual Studio 2013
VisualStudioVersion = 12.0.21005.1
MinimumVisualStudioVersion = 10.0.40219.1
Project("{2150E333-8FDC-42A3-9474-1A3956D46DE8}") = "WCF_Test", "WCF_Test", "{8523262F-8652-4F87-A68D-7F81A98308A6}"
EndProject
Project("{FAE04EC0-301F-11D3-BF4B-00C04F79EFBC}") = "Contracts", "WCF_Test\Contracts\Contracts.csproj", "{B3838572-1E00-4807-A18B-56B4F00241B6}"
EndProject
Project("{FAE04EC0-301F-11D3-BF4B-00C04F79EFBC}") = "Services", "WCF_Test\Services\Services.csproj", "{FD51CE44-50C9-484A-AE56-5E952B52D207}"
EndProject
Project("{FAE04EC0-301F-11D3-BF4B-00C04F79EFBC}") = "Hosting", "WCF_Test\Hosting\Hosting.csproj", "{C2B1346B-459F-4AFD-8D5B-5853A95BEEA6}"
EndProject
Project("{2150E333-8FDC-42A3-9474-1A3956D46DE8}") = "Document", "WCF_Test\Document", "{6E769244-7AEA-4516-9916-BF1C7B49F81B}"
	ProjectSection(SolutionItems) = preProject
		WCF.txt = WCF.txt
	EndProjectSection
EndProject
Project("{FAE04EC0-301F-11D3-BF4B-00C04F79EFBC}") = "Client", "WCF_Test\Client\Client.csproj", "{E27EFEC4-BF0D-43DC-8B1E-3E50289621B0}"
EndProject
Project("{2150E333-8FDC-42A3-9474-1A3956D46DE8}") = "Remoting_Test", "Remoting_Test", "{EA32694C-FE36-4130-8121-002A20C48432}"
EndProject
Project("{FAE04EC0-301F-11D3-BF4B-00C04F79EFBC}") = "Artech.DuplexRemoting.Remoting", "Remoting_Test\Artech.DuplexRemoting.Remoting\Artech.DuplexRemoting.Remoting.csproj", "{78A4480B-356B-4CDE-AFAF-E5D35D9A2050}"
EndProject
Project("{FAE04EC0-301F-11D3-BF4B-00C04F79EFBC}") = "Artech.DuplexRemoting.Hosting", "Remoting_Test\Artech.DuplexRemoting.Hosting\Artech.DuplexRemoting.Hosting.csproj", "{4B1CF05B-2C05-4568-8DB2-58339F1946DB}"
EndProject
Project("{FAE04EC0-301F-11D3-BF4B-00C04F79EFBC}") = "Artech.DuplexRemoting.Client", "Remoting_Test\Artech.DuplexRemoting.Client\Artech.DuplexRemoting.Client.csproj", "{57B3022C-EFF6-47E0-8532-9B3CA5636B4C}"
EndProject
Project("{FAE04EC0-301F-11D3-BF4B-00C04F79EFBC}") = "Artech.DuplexRemoting.Contract", "Remoting_Test\Artech.DuplexRemoting.Contract\Artech.DuplexRemoting.Contract.csproj", "{72303C50-1AD4-4591-96EE-9A60A162B8AC}"
EndProject
Project("{2150E333-8FDC-42A3-9474-1A3956D46DE8}") = "WCF_MEP", "WCF_MEP", "{D4A705A9-4A50-462D-BFF4-5B1FA65FA194}"
EndProject
Project("{FAE04EC0-301F-11D3-BF4B-00C04F79EFBC}") = "MEP.Contracts", "WCF_MEP\MEP.Contracts\MEP.Contracts.csproj", "{EAC5AFDE-4223-49E9-AC9E-2F93A7438ED3}"
EndProject
Project("{FAE04EC0-301F-11D3-BF4B-00C04F79EFBC}") = "MEP.Services", "WCF_MEP\MEP.Services\MEP.Services.csproj", "{789C3C3E-90EA-46FF-96C7-C52D0107DE39}"
EndProject
Project("{FAE04EC0-301F-11D3-BF4B-00C04F79EFBC}") = "MEP.Clients", "WCF_MEP\MEP.Clients\MEP.Clients.csproj", "{8EA3C86F-B535-40C2-973B-A6359BB4754C}"
EndProject
Project("{FAE04EC0-301F-11D3-BF4B-00C04F79EFBC}") = "MEP.Hosting", "WCF_MEP\MEP.Hosting\MEP.Hosting.csproj", "{20040CBF-A1C0-4007-AE79-F7ED6963D205}"
EndProject
Global
	GlobalSection(SolutionConfigurationPlatforms) = preSolution
		Debug|Any CPU = Debug|Any CPU
		Debug|ARM = Debug|ARM
		Debug|x64 = Debug|x64
		Debug|x86 = Debug|x86
		Release|Any CPU = Release|Any CPU
		Release|ARM = Release|ARM
		Release|x64 = Release|x64
		Release|x86 = Release|x86
	EndGlobalSection
	GlobalSection(ProjectConfigurationPlatforms) = postSolution
		{B3838572-1E00-4807-A18B-56B4F00241B6}.Debug|Any CPU.ActiveCfg = Debug|Any CPU
		{B3838572-1E00-4807-A18B-56B4F00241B6}.Debug|Any CPU.Build.0 = Debug|Any CPU
		{B3838572-1E00-4807-A18B-56B4F00241B6}.Debug|ARM.ActiveCfg = Debug|Any CPU
		{B3838572-1E00-4807-A18B-56B4F00241B6}.Debug|x64.ActiveCfg = Debug|Any CPU
		{B3838572-1E00-4807-A18B-56B4F00241B6}.Debug|x86.ActiveCfg = Debug|Any CPU
		{B3838572-1E00-4807-A18B-56B4F00241B6}.Release|Any CPU.ActiveCfg = Release|Any CPU
		{B3838572-1E00-4807-A18B-56B4F00241B6}.Release|Any CPU.Build.0 = Release|Any CPU
		{B3838572-1E00-4807-A18B-56B4F00241B6}.Release|ARM.ActiveCfg = Release|Any CPU
		{B3838572-1E00-4807-A18B-56B4F00241B6}.Release|x64.ActiveCfg = Release|Any CPU
		{B3838572-1E00-4807-A18B-56B4F00241B6}.Release|x86.ActiveCfg = Release|Any CPU
		{FD51CE44-50C9-484A-AE56-5E952B52D207}.Debug|Any CPU.ActiveCfg = Debug|Any CPU
		{FD51CE44-50C9-484A-AE56-5E952B52D207}.Debug|Any CPU.Build.0 = Debug|Any CPU
		{FD51CE44-50C9-484A-AE56-5E952B52D207}.Debug|ARM.ActiveCfg = Debug|Any CPU
		{FD51CE44-50C9-484A-AE56-5E952B52D207}.Debug|x64.ActiveCfg = Debug|Any CPU
		{FD51CE44-50C9-484A-AE56-5E952B52D207}.Debug|x86.ActiveCfg = Debug|Any CPU
		{FD51CE44-50C9-484A-AE56-5E952B52D207}.Release|Any CPU.ActiveCfg = Release|Any CPU
		{FD51CE44-50C9-484A-AE56-5E952B52D207}.Release|Any CPU.Build.0 = Release|Any CPU
		{FD51CE44-50C9-484A-AE56-5E952B52D207}.Release|ARM.ActiveCfg = Release|Any CPU
		{FD51CE44-50C9-484A-AE56-5E952B52D207}.Release|x64.ActiveCfg = Release|Any CPU
		{FD51CE44-50C9-484A-AE56-5E952B52D207}.Release|x86.ActiveCfg = Release|Any CPU
		{C2B1346B-459F-4AFD-8D5B-5853A95BEEA6}.Debug|Any CPU.ActiveCfg = Debug|Any CPU
		{C2B1346B-459F-4AFD-8D5B-5853A95BEEA6}.Debug|Any CPU.Build.0 = Debug|Any CPU
		{C2B1346B-459F-4AFD-8D5B-5853A95BEEA6}.Debug|ARM.ActiveCfg = Debug|Any CPU
		{C2B1346B-459F-4AFD-8D5B-5853A95BEEA6}.Debug|x64.ActiveCfg = Debug|Any CPU
		{C2B1346B-459F-4AFD-8D5B-5853A95BEEA6}.Debug|x86.ActiveCfg = Debug|Any CPU
		{C2B1346B-459F-4AFD-8D5B-5853A95BEEA6}.Release|Any CPU.ActiveCfg = Release|Any CPU
		{C2B1346B-459F-4AFD-8D5B-5853A95BEEA6}.Release|Any CPU.Build.0 = Release|Any CPU
		{C2B1346B-459F-4AFD-8D5B-5853A95BEEA6}.Release|ARM.ActiveCfg = Release|Any CPU
		{C2B1346B-459F-4AFD-8D5B-5853A95BEEA6}.Release|x64.ActiveCfg = Release|Any CPU
		{C2B1346B-459F-4AFD-8D5B-5853A95BEEA6}.Release|x86.ActiveCfg = Release|Any CPU
		{E27EFEC4-BF0D-43DC-8B1E-3E50289621B0}.Debug|Any CPU.ActiveCfg = Debug|Any CPU
		{E27EFEC4-BF0D-43DC-8B1E-3E50289621B0}.Debug|Any CPU.Build.0 = Debug|Any CPU
		{E27EFEC4-BF0D-43DC-8B1E-3E50289621B0}.Debug|ARM.ActiveCfg = Debug|Any CPU
		{E27EFEC4-BF0D-43DC-8B1E-3E50289621B0}.Debug|x64.ActiveCfg = Debug|Any CPU
		{E27EFEC4-BF0D-43DC-8B1E-3E50289621B0}.Debug|x86.ActiveCfg = Debug|Any CPU
		{E27EFEC4-BF0D-43DC-8B1E-3E50289621B0}.Release|Any CPU.ActiveCfg = Release|Any CPU
		{E27EFEC4-BF0D-43DC-8B1E-3E50289621B0}.Release|Any CPU.Build.0 = Release|Any CPU
		{E27EFEC4-BF0D-43DC-8B1E-3E50289621B0}.Release|ARM.ActiveCfg = Release|Any CPU
		{E27EFEC4-BF0D-43DC-8B1E-3E50289621B0}.Release|x64.ActiveCfg = Release|Any CPU
		{E27EFEC4-BF0D-43DC-8B1E-3E50289621B0}.Release|x86.ActiveCfg = Release|Any CPU
		{78A4480B-356B-4CDE-AFAF-E5D35D9A2050}.Debug|Any CPU.ActiveCfg = Debug|Any CPU
		{78A4480B-356B-4CDE-AFAF-E5D35D9A2050}.Debug|Any CPU.Build.0 = Debug|Any CPU
		{78A4480B-356B-4CDE-AFAF-E5D35D9A2050}.Debug|ARM.ActiveCfg = Debug|Any CPU
		{78A4480B-356B-4CDE-AFAF-E5D35D9A2050}.Debug|x64.ActiveCfg = Debug|Any CPU
		{78A4480B-356B-4CDE-AFAF-E5D35D9A2050}.Debug|x86.ActiveCfg = Debug|Any CPU
		{78A4480B-356B-4CDE-AFAF-E5D35D9A2050}.Release|Any CPU.ActiveCfg = Release|Any CPU
		{78A4480B-356B-4CDE-AFAF-E5D35D9A2050}.Release|Any CPU.Build.0 = Release|Any CPU
		{78A4480B-356B-4CDE-AFAF-E5D35D9A2050}.Release|ARM.ActiveCfg = Release|Any CPU
		{78A4480B-356B-4CDE-AFAF-E5D35D9A2050}.Release|x64.ActiveCfg = Release|Any CPU
		{78A4480B-356B-4CDE-AFAF-E5D35D9A2050}.Release|x86.ActiveCfg = Release|Any CPU
		{4B1CF05B-2C05-4568-8DB2-58339F1946DB}.Debug|Any CPU.ActiveCfg = Debug|Any CPU
		{4B1CF05B-2C05-4568-8DB2-58339F1946DB}.Debug|Any CPU.Build.0 = Debug|Any CPU
		{4B1CF05B-2C05-4568-8DB2-58339F1946DB}.Debug|ARM.ActiveCfg = Debug|Any CPU
		{4B1CF05B-2C05-4568-8DB2-58339F1946DB}.Debug|x64.ActiveCfg = Debug|Any CPU
		{4B1CF05B-2C05-4568-8DB2-58339F1946DB}.Debug|x86.ActiveCfg = Debug|Any CPU
		{4B1CF05B-2C05-4568-8DB2-58339F1946DB}.Release|Any CPU.ActiveCfg = Release|Any CPU
		{4B1CF05B-2C05-4568-8DB2-58339F1946DB}.Release|Any CPU.Build.0 = Release|Any CPU
		{4B1CF05B-2C05-4568-8DB2-58339F1946DB}.Release|ARM.ActiveCfg = Release|Any CPU
		{4B1CF05B-2C05-4568-8DB2-58339F1946DB}.Release|x64.ActiveCfg = Release|Any CPU
		{4B1CF05B-2C05-4568-8DB2-58339F1946DB}.Release|x86.ActiveCfg = Release|Any CPU
		{57B3022C-EFF6-47E0-8532-9B3CA5636B4C}.Debug|Any CPU.ActiveCfg = Debug|Any CPU
		{57B3022C-EFF6-47E0-8532-9B3CA5636B4C}.Debug|Any CPU.Build.0 = Debug|Any CPU
		{57B3022C-EFF6-47E0-8532-9B3CA5636B4C}.Debug|ARM.ActiveCfg = Debug|Any CPU
		{57B3022C-EFF6-47E0-8532-9B3CA5636B4C}.Debug|x64.ActiveCfg = Debug|Any CPU
		{57B3022C-EFF6-47E0-8532-9B3CA5636B4C}.Debug|x86.ActiveCfg = Debug|Any CPU
		{57B3022C-EFF6-47E0-8532-9B3CA5636B4C}.Release|Any CPU.ActiveCfg = Release|Any CPU
		{57B3022C-EFF6-47E0-8532-9B3CA5636B4C}.Release|Any CPU.Build.0 = Release|Any CPU
		{57B3022C-EFF6-47E0-8532-9B3CA5636B4C}.Release|ARM.ActiveCfg = Release|Any CPU
		{57B3022C-EFF6-47E0-8532-9B3CA5636B4C}.Release|x64.ActiveCfg = Release|Any CPU
		{57B3022C-EFF6-47E0-8532-9B3CA5636B4C}.Release|x86.ActiveCfg = Release|Any CPU
		{72303C50-1AD4-4591-96EE-9A60A162B8AC}.Debug|Any CPU.ActiveCfg = Debug|Any CPU
		{72303C50-1AD4-4591-96EE-9A60A162B8AC}.Debug|Any CPU.Build.0 = Debug|Any CPU
		{72303C50-1AD4-4591-96EE-9A60A162B8AC}.Debug|ARM.ActiveCfg = Debug|Any CPU
		{72303C50-1AD4-4591-96EE-9A60A162B8AC}.Debug|x64.ActiveCfg = Debug|Any CPU
		{72303C50-1AD4-4591-96EE-9A60A162B8AC}.Debug|x86.ActiveCfg = Debug|Any CPU
		{72303C50-1AD4-4591-96EE-9A60A162B8AC}.Release|Any CPU.ActiveCfg = Release|Any CPU
		{72303C50-1AD4-4591-96EE-9A60A162B8AC}.Release|Any CPU.Build.0 = Release|Any CPU
		{72303C50-1AD4-4591-96EE-9A60A162B8AC}.Release|ARM.ActiveCfg = Release|Any CPU
		{72303C50-1AD4-4591-96EE-9A60A162B8AC}.Release|x64.ActiveCfg = Release|Any CPU
		{72303C50-1AD4-4591-96EE-9A60A162B8AC}.Release|x86.ActiveCfg = Release|Any CPU
		{EAC5AFDE-4223-49E9-AC9E-2F93A7438ED3}.Debug|Any CPU.ActiveCfg = Debug|Any CPU
		{EAC5AFDE-4223-49E9-AC9E-2F93A7438ED3}.Debug|Any CPU.Build.0 = Debug|Any CPU
		{EAC5AFDE-4223-49E9-AC9E-2F93A7438ED3}.Debug|ARM.ActiveCfg = Debug|Any CPU
		{EAC5AFDE-4223-49E9-AC9E-2F93A7438ED3}.Debug|x64.ActiveCfg = Debug|Any CPU
		{EAC5AFDE-4223-49E9-AC9E-2F93A7438ED3}.Debug|x86.ActiveCfg = Debug|Any CPU
		{EAC5AFDE-4223-49E9-AC9E-2F93A7438ED3}.Release|Any CPU.ActiveCfg = Release|Any CPU
		{EAC5AFDE-4223-49E9-AC9E-2F93A7438ED3}.Release|Any CPU.Build.0 = Release|Any CPU
		{EAC5AFDE-4223-49E9-AC9E-2F93A7438ED3}.Release|ARM.ActiveCfg = Release|Any CPU
		{EAC5AFDE-4223-49E9-AC9E-2F93A7438ED3}.Release|x64.ActiveCfg = Release|Any CPU
		{EAC5AFDE-4223-49E9-AC9E-2F93A7438ED3}.Release|x86.ActiveCfg = Release|Any CPU
		{789C3C3E-90EA-46FF-96C7-C52D0107DE39}.Debug|Any CPU.ActiveCfg = Debug|Any CPU
		{789C3C3E-90EA-46FF-96C7-C52D0107DE39}.Debug|Any CPU.Build.0 = Debug|Any CPU
		{789C3C3E-90EA-46FF-96C7-C52D0107DE39}.Debug|ARM.ActiveCfg = Debug|Any CPU
		{789C3C3E-90EA-46FF-96C7-C52D0107DE39}.Debug|x64.ActiveCfg = Debug|Any CPU
		{789C3C3E-90EA-46FF-96C7-C52D0107DE39}.Debug|x86.ActiveCfg = Debug|Any CPU
		{789C3C3E-90EA-46FF-96C7-C52D0107DE39}.Release|Any CPU.ActiveCfg = Release|Any CPU
		{789C3C3E-90EA-46FF-96C7-C52D0107DE39}.Release|Any CPU.Build.0 = Release|Any CPU
		{789C3C3E-90EA-46FF-96C7-C52D0107DE39}.Release|ARM.ActiveCfg = Release|Any CPU
		{789C3C3E-90EA-46FF-96C7-C52D0107DE39}.Release|x64.ActiveCfg = Release|Any CPU
		{789C3C3E-90EA-46FF-96C7-C52D0107DE39}.Release|x86.ActiveCfg = Release|Any CPU
		{8EA3C86F-B535-40C2-973B-A6359BB4754C}.Debug|Any CPU.ActiveCfg = Debug|Any CPU
		{8EA3C86F-B535-40C2-973B-A6359BB4754C}.Debug|Any CPU.Build.0 = Debug|Any CPU
		{8EA3C86F-B535-40C2-973B-A6359BB4754C}.Debug|ARM.ActiveCfg = Debug|Any CPU
		{8EA3C86F-B535-40C2-973B-A6359BB4754C}.Debug|x64.ActiveCfg = Debug|Any CPU
		{8EA3C86F-B535-40C2-973B-A6359BB4754C}.Debug|x86.ActiveCfg = Debug|Any CPU
		{8EA3C86F-B535-40C2-973B-A6359BB4754C}.Release|Any CPU.ActiveCfg = Release|Any CPU
		{8EA3C86F-B535-40C2-973B-A6359BB4754C}.Release|Any CPU.Build.0 = Release|Any CPU
		{8EA3C86F-B535-40C2-973B-A6359BB4754C}.Release|ARM.ActiveCfg = Release|Any CPU
		{8EA3C86F-B535-40C2-973B-A6359BB4754C}.Release|x64.ActiveCfg = Release|Any CPU
		{8EA3C86F-B535-40C2-973B-A6359BB4754C}.Release|x86.ActiveCfg = Release|Any CPU
		{20040CBF-A1C0-4007-AE79-F7ED6963D205}.Debug|Any CPU.ActiveCfg = Debug|Any CPU
		{20040CBF-A1C0-4007-AE79-F7ED6963D205}.Debug|Any CPU.Build.0 = Debug|Any CPU
		{20040CBF-A1C0-4007-AE79-F7ED6963D205}.Debug|ARM.ActiveCfg = Debug|Any CPU
		{20040CBF-A1C0-4007-AE79-F7ED6963D205}.Debug|x64.ActiveCfg = Debug|Any CPU
		{20040CBF-A1C0-4007-AE79-F7ED6963D205}.Debug|x86.ActiveCfg = Debug|Any CPU
		{20040CBF-A1C0-4007-AE79-F7ED6963D205}.Release|Any CPU.ActiveCfg = Release|Any CPU
		{20040CBF-A1C0-4007-AE79-F7ED6963D205}.Release|Any CPU.Build.0 = Release|Any CPU
		{20040CBF-A1C0-4007-AE79-F7ED6963D205}.Release|ARM.ActiveCfg = Release|Any CPU
		{20040CBF-A1C0-4007-AE79-F7ED6963D205}.Release|x64.ActiveCfg = Release|Any CPU
		{20040CBF-A1C0-4007-AE79-F7ED6963D205}.Release|x86.ActiveCfg = Release|Any CPU
	EndGlobalSection
	GlobalSection(SolutionProperties) = preSolution
		HideSolutionNode = FALSE
	EndGlobalSection
	GlobalSection(NestedProjects) = preSolution
		{B3838572-1E00-4807-A18B-56B4F00241B6} = {8523262F-8652-4F87-A68D-7F81A98308A6}
		{FD51CE44-50C9-484A-AE56-5E952B52D207} = {8523262F-8652-4F87-A68D-7F81A98308A6}
		{C2B1346B-459F-4AFD-8D5B-5853A95BEEA6} = {8523262F-8652-4F87-A68D-7F81A98308A6}
		{6E769244-7AEA-4516-9916-BF1C7B49F81B} = {8523262F-8652-4F87-A68D-7F81A98308A6}
		{E27EFEC4-BF0D-43DC-8B1E-3E50289621B0} = {8523262F-8652-4F87-A68D-7F81A98308A6}
		{78A4480B-356B-4CDE-AFAF-E5D35D9A2050} = {EA32694C-FE36-4130-8121-002A20C48432}
		{4B1CF05B-2C05-4568-8DB2-58339F1946DB} = {EA32694C-FE36-4130-8121-002A20C48432}
		{57B3022C-EFF6-47E0-8532-9B3CA5636B4C} = {EA32694C-FE36-4130-8121-002A20C48432}
		{72303C50-1AD4-4591-96EE-9A60A162B8AC} = {EA32694C-FE36-4130-8121-002A20C48432}
		{EAC5AFDE-4223-49E9-AC9E-2F93A7438ED3} = {D4A705A9-4A50-462D-BFF4-5B1FA65FA194}
		{789C3C3E-90EA-46FF-96C7-C52D0107DE39} = {D4A705A9-4A50-462D-BFF4-5B1FA65FA194}
		{8EA3C86F-B535-40C2-973B-A6359BB4754C} = {D4A705A9-4A50-462D-BFF4-5B1FA65FA194}
		{20040CBF-A1C0-4007-AE79-F7ED6963D205} = {D4A705A9-4A50-462D-BFF4-5B1FA65FA194}
	EndGlobalSection
EndGlobal
